
Microsoft Visual Studio Solution File, Format Version 12.00
# Visual Studio Version 17
VisualStudioVersion = 17.9.34607.119
MinimumVisualStudioVersion = 10.0.40219.1
Project("{FAE04EC0-301F-11D3-BF4B-00C04F79EFBC}") = "ConsoleApp1", "ConsoleApp1\ConsoleApp1.csproj", "{DB04A3DE-842E-4340-905C-12E046E42162}"
EndProject
Global
	GlobalSection(SolutionConfigurationPlatforms) = preSolution
		Debug|Any CPU = Debug|Any CPU
		Release|Any CPU = Release|Any CPU
	EndGlobalSection
	GlobalSection(ProjectConfigurationPlatforms) = postSolution
		{DB04A3DE-842E-4340-905C-12E046E42162}.Debug|Any CPU.ActiveCfg = Debug|Any CPU
		{DB04A3DE-842E-4340-905C-12E046E42162}.Debug|Any CPU.Build.0 = Debug|Any CPU
		{DB04A3DE-842E-4340-905C-12E046E42162}.Release|Any CPU.ActiveCfg = Release|Any CPU
		{DB04A3DE-842E-4340-905C-12E046E42162}.Release|Any CPU.Build.0 = Release|Any CPU
	EndGlobalSection
	GlobalSection(SolutionProperties) = preSolution
		HideSolutionNode = FALSE
	EndGlobalSection
	GlobalSection(ExtensibilityGlobals) = postSolution
		SolutionGuid = {4311F647-BAC7-46E6-9552-A30C1A35F546}
	EndGlobalSection
EndGlobal
